<?xml version="1.0" encoding="utf-8"?>
<Project ToolsVersion="4.0" xmlns="http://schemas.microsoft.com/developer/msbuild/2003">
  <ItemGroup>
    <Filter Include="Sources">
      <UniqueIdentifier>{4FC737F1-C7A5-4376-A066-2A32D752A2FF}</UniqueIdentifier>
      <Extensions>cpp;c;cc;cxx;c++;cppm;ixx;def;odl;idl;hpj;bat;asm;asmx</Extensions>
    </Filter>
    <Filter Include="Headers">
      <UniqueIdentifier>{93995380-89BD-4b04-88EB-625FBE52EBFB}</UniqueIdentifier>
      <Extensions>h;hh;hpp;hxx;h++;hm;inl;inc;ipp;xsd</Extensions>
    </Filter>
    <Filter Include="Resources">
      <UniqueIdentifier>{67DA6AB6-F800-4c08-8B7A-83BB121AAD01}</UniqueIdentifier>
      <Extensions>rc;ico;cur;bmp;dlg;rc2;rct;bin;rgs;gif;jpg;jpeg;jpe;resx;tiff;tif;png;wav;mfcribbon-ms</Extensions>
    </Filter>
    <Filter Include="External">
      <UniqueIdentifier>{35ea6721-404a-4dd6-a6bc-e9d1df732de3}</UniqueIdentifier>
    </Filter>
    <Filter Include="Sources\physics">
      <UniqueIdentifier>{153ebe8e-377e-449b-9bf4-e451664f0a76}</UniqueIdentifier>
    </Filter>
    <Filter Include="Headers\physics">
      <UniqueIdentifier>{789a382f-c763-4901-b286-051fa5d8f65b}</UniqueIdentifier>
    </Filter>
    <Filter Include="Sources\physics\applicationPoints">
      <UniqueIdentifier>{0d64ba8e-d7c9-420d-b1c4-f26ed119787f}</UniqueIdentifier>
    </Filter>
    <Filter Include="Sources\physics\objects">
      <UniqueIdentifier>{f3fe96e5-16cf-4c90-a4e0-e1dca89bc9f9}</UniqueIdentifier>
    </Filter>
    <Filter Include="Headers\physics\applicationPoints">
      <UniqueIdentifier>{ecc1deaf-0857-4aed-959c-93d8e097a310}</UniqueIdentifier>
    </Filter>
    <Filter Include="Headers\physics\objects">
      <UniqueIdentifier>{29057d29-dc40-4388-8bc8-22602f3ba664}</UniqueIdentifier>
    </Filter>
    <Filter Include="Headers\physics\constraints">
      <UniqueIdentifier>{5c240c4d-a39b-49e9-9938-3fa0a36d46aa}</UniqueIdentifier>
    </Filter>
    <Filter Include="Sources\physics\constraints">
      <UniqueIdentifier>{c3966e21-6ebe-4af5-843f-313989e6e1b7}</UniqueIdentifier>
    </Filter>
    <Filter Include="Headers\physics\forces">
      <UniqueIdentifier>{215a7fe4-6d60-470e-9236-2a3e86499db0}</UniqueIdentifier>
    </Filter>
    <Filter Include="Sources\physics\forces">
      <UniqueIdentifier>{5447c1f2-7cc3-4236-8b13-e210711dac66}</UniqueIdentifier>
    </Filter>
    <Filter Include="Headers\physics\systems">
      <UniqueIdentifier>{06360318-1c81-403a-8de8-7bf5589a0f4a}</UniqueIdentifier>
    </Filter>
    <Filter Include="Sources\physics\systems">
      <UniqueIdentifier>{77c7ec82-c661-4c3a-a6b5-44d34811858d}</UniqueIdentifier>
    </Filter>
    <Filter Include="Sources\physics\examples">
      <UniqueIdentifier>{2626ead1-eb21-4e05-90a8-e0179a499127}</UniqueIdentifier>
    </Filter>
    <Filter Include="Headers\physics\examples">
      <UniqueIdentifier>{595b76ff-648d-4fa3-98b9-db5ee2ae0c25}</UniqueIdentifier>
    </Filter>
  </ItemGroup>
  <ItemGroup>
    <ClInclude Include="external\GLAD\include\glad.h">
      <Filter>External</Filter>
    </ClInclude>
    <ClInclude Include="external\GLFW\include\glfw3.h">
      <Filter>External</Filter>
    </ClInclude>
    <ClInclude Include="external\GLFW\include\glfw3native.h">
      <Filter>External</Filter>
    </ClInclude>
    <ClInclude Include="external\GLM\include\common.hpp">
      <Filter>External</Filter>
    </ClInclude>
    <ClInclude Include="external\GLM\include\detail\compute_common.hpp">
      <Filter>External</Filter>
    </ClInclude>
    <ClInclude Include="external\GLM\include\detail\compute_vector_relational.hpp">
      <Filter>External</Filter>
    </ClInclude>
    <ClInclude Include="external\GLM\include\detail\qualifier.hpp">
      <Filter>External</Filter>
    </ClInclude>
    <ClInclude Include="external\GLM\include\detail\setup.hpp">
      <Filter>External</Filter>
    </ClInclude>
    <ClInclude Include="external\GLM\include\detail\type_float.hpp">
      <Filter>External</Filter>
    </ClInclude>
    <ClInclude Include="external\GLM\include\detail\type_half.hpp">
      <Filter>External</Filter>
    </ClInclude>
    <ClInclude Include="external\GLM\include\detail\type_mat2x2.hpp">
      <Filter>External</Filter>
    </ClInclude>
    <ClInclude Include="external\GLM\include\detail\type_mat2x3.hpp">
      <Filter>External</Filter>
    </ClInclude>
    <ClInclude Include="external\GLM\include\detail\type_mat2x4.hpp">
      <Filter>External</Filter>
    </ClInclude>
    <ClInclude Include="external\GLM\include\detail\type_mat3x2.hpp">
      <Filter>External</Filter>
    </ClInclude>
    <ClInclude Include="external\GLM\include\detail\type_mat3x3.hpp">
      <Filter>External</Filter>
    </ClInclude>
    <ClInclude Include="external\GLM\include\detail\type_mat3x4.hpp">
      <Filter>External</Filter>
    </ClInclude>
    <ClInclude Include="external\GLM\include\detail\type_mat4x2.hpp">
      <Filter>External</Filter>
    </ClInclude>
    <ClInclude Include="external\GLM\include\detail\type_mat4x3.hpp">
      <Filter>External</Filter>
    </ClInclude>
    <ClInclude Include="external\GLM\include\detail\type_mat4x4.hpp">
      <Filter>External</Filter>
    </ClInclude>
    <ClInclude Include="external\GLM\include\detail\type_quat.hpp">
      <Filter>External</Filter>
    </ClInclude>
    <ClInclude Include="external\GLM\include\detail\type_vec1.hpp">
      <Filter>External</Filter>
    </ClInclude>
    <ClInclude Include="external\GLM\include\detail\type_vec2.hpp">
      <Filter>External</Filter>
    </ClInclude>
    <ClInclude Include="external\GLM\include\detail\type_vec3.hpp">
      <Filter>External</Filter>
    </ClInclude>
    <ClInclude Include="external\GLM\include\detail\type_vec4.hpp">
      <Filter>External</Filter>
    </ClInclude>
    <ClInclude Include="external\GLM\include\detail\_features.hpp">
      <Filter>External</Filter>
    </ClInclude>
    <ClInclude Include="external\GLM\include\detail\_fixes.hpp">
      <Filter>External</Filter>
    </ClInclude>
    <ClInclude Include="external\GLM\include\detail\_noise.hpp">
      <Filter>External</Filter>
    </ClInclude>
    <ClInclude Include="external\GLM\include\detail\_swizzle.hpp">
      <Filter>External</Filter>
    </ClInclude>
    <ClInclude Include="external\GLM\include\detail\_swizzle_func.hpp">
      <Filter>External</Filter>
    </ClInclude>
    <ClInclude Include="external\GLM\include\detail\_vectorize.hpp">
      <Filter>External</Filter>
    </ClInclude>
    <ClInclude Include="external\GLM\include\exponential.hpp">
      <Filter>External</Filter>
    </ClInclude>
    <ClInclude Include="external\GLM\include\ext\matrix_clip_space.hpp">
      <Filter>External</Filter>
    </ClInclude>
    <ClInclude Include="external\GLM\include\ext\matrix_common.hpp">
      <Filter>External</Filter>
    </ClInclude>
    <ClInclude Include="external\GLM\include\ext\matrix_double2x2.hpp">
      <Filter>External</Filter>
    </ClInclude>
    <ClInclude Include="external\GLM\include\ext\matrix_double2x2_precision.hpp">
      <Filter>External</Filter>
    </ClInclude>
    <ClInclude Include="external\GLM\include\ext\matrix_double2x3.hpp">
      <Filter>External</Filter>
    </ClInclude>
    <ClInclude Include="external\GLM\include\ext\matrix_double2x3_precision.hpp">
      <Filter>External</Filter>
    </ClInclude>
    <ClInclude Include="external\GLM\include\ext\matrix_double2x4.hpp">
      <Filter>External</Filter>
    </ClInclude>
    <ClInclude Include="external\GLM\include\ext\matrix_double2x4_precision.hpp">
      <Filter>External</Filter>
    </ClInclude>
    <ClInclude Include="external\GLM\include\ext\matrix_double3x2.hpp">
      <Filter>External</Filter>
    </ClInclude>
    <ClInclude Include="external\GLM\include\ext\matrix_double3x2_precision.hpp">
      <Filter>External</Filter>
    </ClInclude>
    <ClInclude Include="external\GLM\include\ext\matrix_double3x3.hpp">
      <Filter>External</Filter>
    </ClInclude>
    <ClInclude Include="external\GLM\include\ext\matrix_double3x3_precision.hpp">
      <Filter>External</Filter>
    </ClInclude>
    <ClInclude Include="external\GLM\include\ext\matrix_double3x4.hpp">
      <Filter>External</Filter>
    </ClInclude>
    <ClInclude Include="external\GLM\include\ext\matrix_double3x4_precision.hpp">
      <Filter>External</Filter>
    </ClInclude>
    <ClInclude Include="external\GLM\include\ext\matrix_double4x2.hpp">
      <Filter>External</Filter>
    </ClInclude>
    <ClInclude Include="external\GLM\include\ext\matrix_double4x2_precision.hpp">
      <Filter>External</Filter>
    </ClInclude>
    <ClInclude Include="external\GLM\include\ext\matrix_double4x3.hpp">
      <Filter>External</Filter>
    </ClInclude>
    <ClInclude Include="external\GLM\include\ext\matrix_double4x3_precision.hpp">
      <Filter>External</Filter>
    </ClInclude>
    <ClInclude Include="external\GLM\include\ext\matrix_double4x4.hpp">
      <Filter>External</Filter>
    </ClInclude>
    <ClInclude Include="external\GLM\include\ext\matrix_double4x4_precision.hpp">
      <Filter>External</Filter>
    </ClInclude>
    <ClInclude Include="external\GLM\include\ext\matrix_float2x2.hpp">
      <Filter>External</Filter>
    </ClInclude>
    <ClInclude Include="external\GLM\include\ext\matrix_float2x2_precision.hpp">
      <Filter>External</Filter>
    </ClInclude>
    <ClInclude Include="external\GLM\include\ext\matrix_float2x3.hpp">
      <Filter>External</Filter>
    </ClInclude>
    <ClInclude Include="external\GLM\include\ext\matrix_float2x3_precision.hpp">
      <Filter>External</Filter>
    </ClInclude>
    <ClInclude Include="external\GLM\include\ext\matrix_float2x4.hpp">
      <Filter>External</Filter>
    </ClInclude>
    <ClInclude Include="external\GLM\include\ext\matrix_float2x4_precision.hpp">
      <Filter>External</Filter>
    </ClInclude>
    <ClInclude Include="external\GLM\include\ext\matrix_float3x2.hpp">
      <Filter>External</Filter>
    </ClInclude>
    <ClInclude Include="external\GLM\include\ext\matrix_float3x2_precision.hpp">
      <Filter>External</Filter>
    </ClInclude>
    <ClInclude Include="external\GLM\include\ext\matrix_float3x3.hpp">
      <Filter>External</Filter>
    </ClInclude>
    <ClInclude Include="external\GLM\include\ext\matrix_float3x3_precision.hpp">
      <Filter>External</Filter>
    </ClInclude>
    <ClInclude Include="external\GLM\include\ext\matrix_float3x4.hpp">
      <Filter>External</Filter>
    </ClInclude>
    <ClInclude Include="external\GLM\include\ext\matrix_float3x4_precision.hpp">
      <Filter>External</Filter>
    </ClInclude>
    <ClInclude Include="external\GLM\include\ext\matrix_float4x2.hpp">
      <Filter>External</Filter>
    </ClInclude>
    <ClInclude Include="external\GLM\include\ext\matrix_float4x2_precision.hpp">
      <Filter>External</Filter>
    </ClInclude>
    <ClInclude Include="external\GLM\include\ext\matrix_float4x3.hpp">
      <Filter>External</Filter>
    </ClInclude>
    <ClInclude Include="external\GLM\include\ext\matrix_float4x3_precision.hpp">
      <Filter>External</Filter>
    </ClInclude>
    <ClInclude Include="external\GLM\include\ext\matrix_float4x4.hpp">
      <Filter>External</Filter>
    </ClInclude>
    <ClInclude Include="external\GLM\include\ext\matrix_float4x4_precision.hpp">
      <Filter>External</Filter>
    </ClInclude>
    <ClInclude Include="external\GLM\include\ext\matrix_projection.hpp">
      <Filter>External</Filter>
    </ClInclude>
    <ClInclude Include="external\GLM\include\ext\matrix_relational.hpp">
      <Filter>External</Filter>
    </ClInclude>
    <ClInclude Include="external\GLM\include\ext\matrix_transform.hpp">
      <Filter>External</Filter>
    </ClInclude>
    <ClInclude Include="external\GLM\include\ext\quaternion_common.hpp">
      <Filter>External</Filter>
    </ClInclude>
    <ClInclude Include="external\GLM\include\ext\quaternion_double.hpp">
      <Filter>External</Filter>
    </ClInclude>
    <ClInclude Include="external\GLM\include\ext\quaternion_double_precision.hpp">
      <Filter>External</Filter>
    </ClInclude>
    <ClInclude Include="external\GLM\include\ext\quaternion_exponential.hpp">
      <Filter>External</Filter>
    </ClInclude>
    <ClInclude Include="external\GLM\include\ext\quaternion_float.hpp">
      <Filter>External</Filter>
    </ClInclude>
    <ClInclude Include="external\GLM\include\ext\quaternion_float_precision.hpp">
      <Filter>External</Filter>
    </ClInclude>
    <ClInclude Include="external\GLM\include\ext\quaternion_geometric.hpp">
      <Filter>External</Filter>
    </ClInclude>
    <ClInclude Include="external\GLM\include\ext\quaternion_relational.hpp">
      <Filter>External</Filter>
    </ClInclude>
    <ClInclude Include="external\GLM\include\ext\quaternion_transform.hpp">
      <Filter>External</Filter>
    </ClInclude>
    <ClInclude Include="external\GLM\include\ext\quaternion_trigonometric.hpp">
      <Filter>External</Filter>
    </ClInclude>
    <ClInclude Include="external\GLM\include\ext\scalar_common.hpp">
      <Filter>External</Filter>
    </ClInclude>
    <ClInclude Include="external\GLM\include\ext\scalar_constants.hpp">
      <Filter>External</Filter>
    </ClInclude>
    <ClInclude Include="external\GLM\include\ext\scalar_integer.hpp">
      <Filter>External</Filter>
    </ClInclude>
    <ClInclude Include="external\GLM\include\ext\scalar_int_sized.hpp">
      <Filter>External</Filter>
    </ClInclude>
    <ClInclude Include="external\GLM\include\ext\scalar_relational.hpp">
      <Filter>External</Filter>
    </ClInclude>
    <ClInclude Include="external\GLM\include\ext\scalar_uint_sized.hpp">
      <Filter>External</Filter>
    </ClInclude>
    <ClInclude Include="external\GLM\include\ext\scalar_ulp.hpp">
      <Filter>External</Filter>
    </ClInclude>
    <ClInclude Include="external\GLM\include\ext\vector_bool1.hpp">
      <Filter>External</Filter>
    </ClInclude>
    <ClInclude Include="external\GLM\include\ext\vector_bool1_precision.hpp">
      <Filter>External</Filter>
    </ClInclude>
    <ClInclude Include="external\GLM\include\ext\vector_bool2.hpp">
      <Filter>External</Filter>
    </ClInclude>
    <ClInclude Include="external\GLM\include\ext\vector_bool2_precision.hpp">
      <Filter>External</Filter>
    </ClInclude>
    <ClInclude Include="external\GLM\include\ext\vector_bool3.hpp">
      <Filter>External</Filter>
    </ClInclude>
    <ClInclude Include="external\GLM\include\ext\vector_bool3_precision.hpp">
      <Filter>External</Filter>
    </ClInclude>
    <ClInclude Include="external\GLM\include\ext\vector_bool4.hpp">
      <Filter>External</Filter>
    </ClInclude>
    <ClInclude Include="external\GLM\include\ext\vector_bool4_precision.hpp">
      <Filter>External</Filter>
    </ClInclude>
    <ClInclude Include="external\GLM\include\ext\vector_common.hpp">
      <Filter>External</Filter>
    </ClInclude>
    <ClInclude Include="external\GLM\include\ext\vector_double1.hpp">
      <Filter>External</Filter>
    </ClInclude>
    <ClInclude Include="external\GLM\include\ext\vector_double1_precision.hpp">
      <Filter>External</Filter>
    </ClInclude>
    <ClInclude Include="external\GLM\include\ext\vector_double2.hpp">
      <Filter>External</Filter>
    </ClInclude>
    <ClInclude Include="external\GLM\include\ext\vector_double2_precision.hpp">
      <Filter>External</Filter>
    </ClInclude>
    <ClInclude Include="external\GLM\include\ext\vector_double3.hpp">
      <Filter>External</Filter>
    </ClInclude>
    <ClInclude Include="external\GLM\include\ext\vector_double3_precision.hpp">
      <Filter>External</Filter>
    </ClInclude>
    <ClInclude Include="external\GLM\include\ext\vector_double4.hpp">
      <Filter>External</Filter>
    </ClInclude>
    <ClInclude Include="external\GLM\include\ext\vector_double4_precision.hpp">
      <Filter>External</Filter>
    </ClInclude>
    <ClInclude Include="external\GLM\include\ext\vector_float1.hpp">
      <Filter>External</Filter>
    </ClInclude>
    <ClInclude Include="external\GLM\include\ext\vector_float1_precision.hpp">
      <Filter>External</Filter>
    </ClInclude>
    <ClInclude Include="external\GLM\include\ext\vector_float2.hpp">
      <Filter>External</Filter>
    </ClInclude>
    <ClInclude Include="external\GLM\include\ext\vector_float2_precision.hpp">
      <Filter>External</Filter>
    </ClInclude>
    <ClInclude Include="external\GLM\include\ext\vector_float3.hpp">
      <Filter>External</Filter>
    </ClInclude>
    <ClInclude Include="external\GLM\include\ext\vector_float3_precision.hpp">
      <Filter>External</Filter>
    </ClInclude>
    <ClInclude Include="external\GLM\include\ext\vector_float4.hpp">
      <Filter>External</Filter>
    </ClInclude>
    <ClInclude Include="external\GLM\include\ext\vector_float4_precision.hpp">
      <Filter>External</Filter>
    </ClInclude>
    <ClInclude Include="external\GLM\include\ext\vector_int1.hpp">
      <Filter>External</Filter>
    </ClInclude>
    <ClInclude Include="external\GLM\include\ext\vector_int1_precision.hpp">
      <Filter>External</Filter>
    </ClInclude>
    <ClInclude Include="external\GLM\include\ext\vector_int2.hpp">
      <Filter>External</Filter>
    </ClInclude>
    <ClInclude Include="external\GLM\include\ext\vector_int2_precision.hpp">
      <Filter>External</Filter>
    </ClInclude>
    <ClInclude Include="external\GLM\include\ext\vector_int3.hpp">
      <Filter>External</Filter>
    </ClInclude>
    <ClInclude Include="external\GLM\include\ext\vector_int3_precision.hpp">
      <Filter>External</Filter>
    </ClInclude>
    <ClInclude Include="external\GLM\include\ext\vector_int4.hpp">
      <Filter>External</Filter>
    </ClInclude>
    <ClInclude Include="external\GLM\include\ext\vector_int4_precision.hpp">
      <Filter>External</Filter>
    </ClInclude>
    <ClInclude Include="external\GLM\include\ext\vector_integer.hpp">
      <Filter>External</Filter>
    </ClInclude>
    <ClInclude Include="external\GLM\include\ext\vector_relational.hpp">
      <Filter>External</Filter>
    </ClInclude>
    <ClInclude Include="external\GLM\include\ext\vector_uint1.hpp">
      <Filter>External</Filter>
    </ClInclude>
    <ClInclude Include="external\GLM\include\ext\vector_uint1_precision.hpp">
      <Filter>External</Filter>
    </ClInclude>
    <ClInclude Include="external\GLM\include\ext\vector_uint2.hpp">
      <Filter>External</Filter>
    </ClInclude>
    <ClInclude Include="external\GLM\include\ext\vector_uint2_precision.hpp">
      <Filter>External</Filter>
    </ClInclude>
    <ClInclude Include="external\GLM\include\ext\vector_uint3.hpp">
      <Filter>External</Filter>
    </ClInclude>
    <ClInclude Include="external\GLM\include\ext\vector_uint3_precision.hpp">
      <Filter>External</Filter>
    </ClInclude>
    <ClInclude Include="external\GLM\include\ext\vector_uint4.hpp">
      <Filter>External</Filter>
    </ClInclude>
    <ClInclude Include="external\GLM\include\ext\vector_uint4_precision.hpp">
      <Filter>External</Filter>
    </ClInclude>
    <ClInclude Include="external\GLM\include\ext\vector_ulp.hpp">
      <Filter>External</Filter>
    </ClInclude>
    <ClInclude Include="external\GLM\include\ext.hpp">
      <Filter>External</Filter>
    </ClInclude>
    <ClInclude Include="external\GLM\include\fwd.hpp">
      <Filter>External</Filter>
    </ClInclude>
    <ClInclude Include="external\GLM\include\geometric.hpp">
      <Filter>External</Filter>
    </ClInclude>
    <ClInclude Include="external\GLM\include\glm.hpp">
      <Filter>External</Filter>
    </ClInclude>
    <ClInclude Include="external\GLM\include\gtc\bitfield.hpp">
      <Filter>External</Filter>
    </ClInclude>
    <ClInclude Include="external\GLM\include\gtc\color_space.hpp">
      <Filter>External</Filter>
    </ClInclude>
    <ClInclude Include="external\GLM\include\gtc\constants.hpp">
      <Filter>External</Filter>
    </ClInclude>
    <ClInclude Include="external\GLM\include\gtc\epsilon.hpp">
      <Filter>External</Filter>
    </ClInclude>
    <ClInclude Include="external\GLM\include\gtc\integer.hpp">
      <Filter>External</Filter>
    </ClInclude>
    <ClInclude Include="external\GLM\include\gtc\matrix_access.hpp">
      <Filter>External</Filter>
    </ClInclude>
    <ClInclude Include="external\GLM\include\gtc\matrix_integer.hpp">
      <Filter>External</Filter>
    </ClInclude>
    <ClInclude Include="external\GLM\include\gtc\matrix_inverse.hpp">
      <Filter>External</Filter>
    </ClInclude>
    <ClInclude Include="external\GLM\include\gtc\matrix_transform.hpp">
      <Filter>External</Filter>
    </ClInclude>
    <ClInclude Include="external\GLM\include\gtc\noise.hpp">
      <Filter>External</Filter>
    </ClInclude>
    <ClInclude Include="external\GLM\include\gtc\packing.hpp">
      <Filter>External</Filter>
    </ClInclude>
    <ClInclude Include="external\GLM\include\gtc\quaternion.hpp">
      <Filter>External</Filter>
    </ClInclude>
    <ClInclude Include="external\GLM\include\gtc\random.hpp">
      <Filter>External</Filter>
    </ClInclude>
    <ClInclude Include="external\GLM\include\gtc\reciprocal.hpp">
      <Filter>External</Filter>
    </ClInclude>
    <ClInclude Include="external\GLM\include\gtc\round.hpp">
      <Filter>External</Filter>
    </ClInclude>
    <ClInclude Include="external\GLM\include\gtc\type_aligned.hpp">
      <Filter>External</Filter>
    </ClInclude>
    <ClInclude Include="external\GLM\include\gtc\type_precision.hpp">
      <Filter>External</Filter>
    </ClInclude>
    <ClInclude Include="external\GLM\include\gtc\type_ptr.hpp">
      <Filter>External</Filter>
    </ClInclude>
    <ClInclude Include="external\GLM\include\gtc\ulp.hpp">
      <Filter>External</Filter>
    </ClInclude>
    <ClInclude Include="external\GLM\include\gtc\vec1.hpp">
      <Filter>External</Filter>
    </ClInclude>
    <ClInclude Include="external\GLM\include\gtx\associated_min_max.hpp">
      <Filter>External</Filter>
    </ClInclude>
    <ClInclude Include="external\GLM\include\gtx\bit.hpp">
      <Filter>External</Filter>
    </ClInclude>
    <ClInclude Include="external\GLM\include\gtx\closest_point.hpp">
      <Filter>External</Filter>
    </ClInclude>
    <ClInclude Include="external\GLM\include\gtx\color_encoding.hpp">
      <Filter>External</Filter>
    </ClInclude>
    <ClInclude Include="external\GLM\include\gtx\color_space.hpp">
      <Filter>External</Filter>
    </ClInclude>
    <ClInclude Include="external\GLM\include\gtx\color_space_YCoCg.hpp">
      <Filter>External</Filter>
    </ClInclude>
    <ClInclude Include="external\GLM\include\gtx\common.hpp">
      <Filter>External</Filter>
    </ClInclude>
    <ClInclude Include="external\GLM\include\gtx\compatibility.hpp">
      <Filter>External</Filter>
    </ClInclude>
    <ClInclude Include="external\GLM\include\gtx\component_wise.hpp">
      <Filter>External</Filter>
    </ClInclude>
    <ClInclude Include="external\GLM\include\gtx\dual_quaternion.hpp">
      <Filter>External</Filter>
    </ClInclude>
    <ClInclude Include="external\GLM\include\gtx\easing.hpp">
      <Filter>External</Filter>
    </ClInclude>
    <ClInclude Include="external\GLM\include\gtx\euler_angles.hpp">
      <Filter>External</Filter>
    </ClInclude>
    <ClInclude Include="external\GLM\include\gtx\extend.hpp">
      <Filter>External</Filter>
    </ClInclude>
    <ClInclude Include="external\GLM\include\gtx\extended_min_max.hpp">
      <Filter>External</Filter>
    </ClInclude>
    <ClInclude Include="external\GLM\include\gtx\exterior_product.hpp">
      <Filter>External</Filter>
    </ClInclude>
    <ClInclude Include="external\GLM\include\gtx\fast_exponential.hpp">
      <Filter>External</Filter>
    </ClInclude>
    <ClInclude Include="external\GLM\include\gtx\fast_square_root.hpp">
      <Filter>External</Filter>
    </ClInclude>
    <ClInclude Include="external\GLM\include\gtx\fast_trigonometry.hpp">
      <Filter>External</Filter>
    </ClInclude>
    <ClInclude Include="external\GLM\include\gtx\functions.hpp">
      <Filter>External</Filter>
    </ClInclude>
    <ClInclude Include="external\GLM\include\gtx\gradient_paint.hpp">
      <Filter>External</Filter>
    </ClInclude>
    <ClInclude Include="external\GLM\include\gtx\handed_coordinate_space.hpp">
      <Filter>External</Filter>
    </ClInclude>
    <ClInclude Include="external\GLM\include\gtx\hash.hpp">
      <Filter>External</Filter>
    </ClInclude>
    <ClInclude Include="external\GLM\include\gtx\integer.hpp">
      <Filter>External</Filter>
    </ClInclude>
    <ClInclude Include="external\GLM\include\gtx\intersect.hpp">
      <Filter>External</Filter>
    </ClInclude>
    <ClInclude Include="external\GLM\include\gtx\io.hpp">
      <Filter>External</Filter>
    </ClInclude>
    <ClInclude Include="external\GLM\include\gtx\log_base.hpp">
      <Filter>External</Filter>
    </ClInclude>
    <ClInclude Include="external\GLM\include\gtx\matrix_cross_product.hpp">
      <Filter>External</Filter>
    </ClInclude>
    <ClInclude Include="external\GLM\include\gtx\matrix_decompose.hpp">
      <Filter>External</Filter>
    </ClInclude>
    <ClInclude Include="external\GLM\include\gtx\matrix_factorisation.hpp">
      <Filter>External</Filter>
    </ClInclude>
    <ClInclude Include="external\GLM\include\gtx\matrix_interpolation.hpp">
      <Filter>External</Filter>
    </ClInclude>
    <ClInclude Include="external\GLM\include\gtx\matrix_major_storage.hpp">
      <Filter>External</Filter>
    </ClInclude>
    <ClInclude Include="external\GLM\include\gtx\matrix_operation.hpp">
      <Filter>External</Filter>
    </ClInclude>
    <ClInclude Include="external\GLM\include\gtx\matrix_query.hpp">
      <Filter>External</Filter>
    </ClInclude>
    <ClInclude Include="external\GLM\include\gtx\matrix_transform_2d.hpp">
      <Filter>External</Filter>
    </ClInclude>
    <ClInclude Include="external\GLM\include\gtx\mixed_product.hpp">
      <Filter>External</Filter>
    </ClInclude>
    <ClInclude Include="external\GLM\include\gtx\norm.hpp">
      <Filter>External</Filter>
    </ClInclude>
    <ClInclude Include="external\GLM\include\gtx\normal.hpp">
      <Filter>External</Filter>
    </ClInclude>
    <ClInclude Include="external\GLM\include\gtx\normalize_dot.hpp">
      <Filter>External</Filter>
    </ClInclude>
    <ClInclude Include="external\GLM\include\gtx\number_precision.hpp">
      <Filter>External</Filter>
    </ClInclude>
    <ClInclude Include="external\GLM\include\gtx\optimum_pow.hpp">
      <Filter>External</Filter>
    </ClInclude>
    <ClInclude Include="external\GLM\include\gtx\orthonormalize.hpp">
      <Filter>External</Filter>
    </ClInclude>
    <ClInclude Include="external\GLM\include\gtx\perpendicular.hpp">
      <Filter>External</Filter>
    </ClInclude>
    <ClInclude Include="external\GLM\include\gtx\polar_coordinates.hpp">
      <Filter>External</Filter>
    </ClInclude>
    <ClInclude Include="external\GLM\include\gtx\projection.hpp">
      <Filter>External</Filter>
    </ClInclude>
    <ClInclude Include="external\GLM\include\gtx\quaternion.hpp">
      <Filter>External</Filter>
    </ClInclude>
    <ClInclude Include="external\GLM\include\gtx\range.hpp">
      <Filter>External</Filter>
    </ClInclude>
    <ClInclude Include="external\GLM\include\gtx\raw_data.hpp">
      <Filter>External</Filter>
    </ClInclude>
    <ClInclude Include="external\GLM\include\gtx\rotate_normalized_axis.hpp">
      <Filter>External</Filter>
    </ClInclude>
    <ClInclude Include="external\GLM\include\gtx\rotate_vector.hpp">
      <Filter>External</Filter>
    </ClInclude>
    <ClInclude Include="external\GLM\include\gtx\scalar_multiplication.hpp">
      <Filter>External</Filter>
    </ClInclude>
    <ClInclude Include="external\GLM\include\gtx\scalar_relational.hpp">
      <Filter>External</Filter>
    </ClInclude>
    <ClInclude Include="external\GLM\include\gtx\spline.hpp">
      <Filter>External</Filter>
    </ClInclude>
    <ClInclude Include="external\GLM\include\gtx\std_based_type.hpp">
      <Filter>External</Filter>
    </ClInclude>
    <ClInclude Include="external\GLM\include\gtx\string_cast.hpp">
      <Filter>External</Filter>
    </ClInclude>
    <ClInclude Include="external\GLM\include\gtx\texture.hpp">
      <Filter>External</Filter>
    </ClInclude>
    <ClInclude Include="external\GLM\include\gtx\transform.hpp">
      <Filter>External</Filter>
    </ClInclude>
    <ClInclude Include="external\GLM\include\gtx\transform2.hpp">
      <Filter>External</Filter>
    </ClInclude>
    <ClInclude Include="external\GLM\include\gtx\type_aligned.hpp">
      <Filter>External</Filter>
    </ClInclude>
    <ClInclude Include="external\GLM\include\gtx\type_trait.hpp">
      <Filter>External</Filter>
    </ClInclude>
    <ClInclude Include="external\GLM\include\gtx\vector_angle.hpp">
      <Filter>External</Filter>
    </ClInclude>
    <ClInclude Include="external\GLM\include\gtx\vector_query.hpp">
      <Filter>External</Filter>
    </ClInclude>
    <ClInclude Include="external\GLM\include\gtx\vec_swizzle.hpp">
      <Filter>External</Filter>
    </ClInclude>
    <ClInclude Include="external\GLM\include\gtx\wrap.hpp">
      <Filter>External</Filter>
    </ClInclude>
    <ClInclude Include="external\GLM\include\integer.hpp">
      <Filter>External</Filter>
    </ClInclude>
    <ClInclude Include="external\GLM\include\mat2x2.hpp">
      <Filter>External</Filter>
    </ClInclude>
    <ClInclude Include="external\GLM\include\mat2x3.hpp">
      <Filter>External</Filter>
    </ClInclude>
    <ClInclude Include="external\GLM\include\mat2x4.hpp">
      <Filter>External</Filter>
    </ClInclude>
    <ClInclude Include="external\GLM\include\mat3x2.hpp">
      <Filter>External</Filter>
    </ClInclude>
    <ClInclude Include="external\GLM\include\mat3x3.hpp">
      <Filter>External</Filter>
    </ClInclude>
    <ClInclude Include="external\GLM\include\mat3x4.hpp">
      <Filter>External</Filter>
    </ClInclude>
    <ClInclude Include="external\GLM\include\mat4x2.hpp">
      <Filter>External</Filter>
    </ClInclude>
    <ClInclude Include="external\GLM\include\mat4x3.hpp">
      <Filter>External</Filter>
    </ClInclude>
    <ClInclude Include="external\GLM\include\mat4x4.hpp">
      <Filter>External</Filter>
    </ClInclude>
    <ClInclude Include="external\GLM\include\matrix.hpp">
      <Filter>External</Filter>
    </ClInclude>
    <ClInclude Include="external\GLM\include\packing.hpp">
      <Filter>External</Filter>
    </ClInclude>
    <ClInclude Include="external\GLM\include\simd\common.h">
      <Filter>External</Filter>
    </ClInclude>
    <ClInclude Include="external\GLM\include\simd\exponential.h">
      <Filter>External</Filter>
    </ClInclude>
    <ClInclude Include="external\GLM\include\simd\geometric.h">
      <Filter>External</Filter>
    </ClInclude>
    <ClInclude Include="external\GLM\include\simd\integer.h">
      <Filter>External</Filter>
    </ClInclude>
    <ClInclude Include="external\GLM\include\simd\matrix.h">
      <Filter>External</Filter>
    </ClInclude>
    <ClInclude Include="external\GLM\include\simd\neon.h">
      <Filter>External</Filter>
    </ClInclude>
    <ClInclude Include="external\GLM\include\simd\packing.h">
      <Filter>External</Filter>
    </ClInclude>
    <ClInclude Include="external\GLM\include\simd\platform.h">
      <Filter>External</Filter>
    </ClInclude>
    <ClInclude Include="external\GLM\include\simd\trigonometric.h">
      <Filter>External</Filter>
    </ClInclude>
    <ClInclude Include="external\GLM\include\simd\vector_relational.h">
      <Filter>External</Filter>
    </ClInclude>
    <ClInclude Include="external\GLM\include\trigonometric.hpp">
      <Filter>External</Filter>
    </ClInclude>
    <ClInclude Include="external\GLM\include\vec2.hpp">
      <Filter>External</Filter>
    </ClInclude>
    <ClInclude Include="external\GLM\include\vec3.hpp">
      <Filter>External</Filter>
    </ClInclude>
    <ClInclude Include="external\GLM\include\vec4.hpp">
      <Filter>External</Filter>
    </ClInclude>
    <ClInclude Include="external\GLM\include\vector_relational.hpp">
      <Filter>External</Filter>
    </ClInclude>
    <ClInclude Include="external\KHR\include\khrplatform.h">
      <Filter>External</Filter>
    </ClInclude>
    <ClInclude Include="external\stb\include\stb_image.h">
      <Filter>External</Filter>
    </ClInclude>
    <ClInclude Include="include\physics\PhysicBase.h">
      <Filter>Headers\physics</Filter>
    </ClInclude>
    <ClInclude Include="include\physics\ApplicationPoint.h">
      <Filter>Headers\physics\applicationPoints</Filter>
    </ClInclude>
    <ClInclude Include="include\physics\Spring.h">
      <Filter>Headers\physics\forces</Filter>
    </ClInclude>
    <ClInclude Include="include\physics\Particle.h">
      <Filter>Headers\physics\objects</Filter>
    </ClInclude>
    <ClInclude Include="include\physics\Object.h">
      <Filter>Headers\physics\objects</Filter>
    </ClInclude>
    <ClInclude Include="include\physics\PhysicsEngine.h">
      <Filter>Headers\physics</Filter>
    </ClInclude>
    <ClInclude Include="include\physics\Constraint.h">
      <Filter>Headers\physics\constraints</Filter>
    </ClInclude>
    <ClInclude Include="include\physics\DistConstraint.h">
      <Filter>Headers\physics\constraints</Filter>
    </ClInclude>
    <ClInclude Include="include\utils.h">
      <Filter>Headers</Filter>
    </ClInclude>
    <ClInclude Include="include\physics\Force.h">
      <Filter>Headers\physics\forces</Filter>
    </ClInclude>
    <ClInclude Include="include\physics\ConstGravity.h">
      <Filter>Headers\physics\forces</Filter>
    </ClInclude>
    <ClInclude Include="include\physics\AppPointParticle.h">
      <Filter>Headers\physics\applicationPoints</Filter>
    </ClInclude>
    <ClInclude Include="include\physics\ConstForce.h">
      <Filter>Headers\physics\forces</Filter>
    </ClInclude>
    <ClInclude Include="include\physics\StaticAppPoint.h">
      <Filter>Headers\physics\applicationPoints</Filter>
    </ClInclude>
    <ClInclude Include="include\ConsolePixels.h">
      <Filter>Headers</Filter>
    </ClInclude>
    <ClInclude Include="include\physics\Gravity.h">
      <Filter>Headers\physics\forces</Filter>
    </ClInclude>
    <ClInclude Include="include\physics\System.h">
      <Filter>Headers\physics\systems</Filter>
    </ClInclude>
    <ClInclude Include="include\physics\examples.h">
      <Filter>Headers\physics\examples</Filter>
    </ClInclude>
    <ClInclude Include="include\physics\Rope.h">
      <Filter>Headers\physics\systems</Filter>
    </ClInclude>
    <ClInclude Include="include\physics\Cloth.h">
      <Filter>Headers\physics\systems</Filter>
    </ClInclude>
    <ClInclude Include="include\physics\Wind.h">
      <Filter>Headers\physics\forces</Filter>
    </ClInclude>
    <ClInclude Include="include\physics\RigidBody.h">
      <Filter>Headers\physics\objects</Filter>
    </ClInclude>
    <ClInclude Include="include\physics\RigidBodySamples.h">
      <Filter>Headers\physics\objects</Filter>
    </ClInclude>
    <ClInclude Include="include\physics\AppPointRigidBody.h">
      <Filter>Headers\physics\applicationPoints</Filter>
    </ClInclude>
    <ClInclude Include="include\physics\physics.h">
      <Filter>Headers\physics</Filter>
    </ClInclude>
  </ItemGroup>
  <ItemGroup>
    <ClCompile Include="external\GLAD\src\glad.c">
      <Filter>External</Filter>
    </ClCompile>
    <ClCompile Include="src\main.cpp">
      <Filter>Sources</Filter>
    </ClCompile>
    <ClCompile Include="src\physics\PhysicBase.cpp">
      <Filter>Sources\physics</Filter>
    </ClCompile>
    <ClCompile Include="src\physics\ApplicationPoint.cpp">
      <Filter>Sources\physics\applicationPoints</Filter>
    </ClCompile>
    <ClCompile Include="src\physics\Spring.cpp">
      <Filter>Sources\physics\forces</Filter>
    </ClCompile>
    <ClCompile Include="src\physics\Particle.cpp">
      <Filter>Sources\physics\objects</Filter>
    </ClCompile>
    <ClCompile Include="src\physics\Object.cpp">
      <Filter>Sources\physics\objects</Filter>
    </ClCompile>
    <ClCompile Include="src\physics\PhysicsEngine.cpp">
      <Filter>Sources\physics</Filter>
    </ClCompile>
    <ClCompile Include="src\physics\DistConstraint.cpp">
      <Filter>Sources\physics\constraints</Filter>
    </ClCompile>
    <ClCompile Include="src\physics\ConstGravity.cpp">
      <Filter>Sources\physics\forces</Filter>
    </ClCompile>
    <ClCompile Include="src\physics\AppPointParticle.cpp">
      <Filter>Sources\physics\applicationPoints</Filter>
    </ClCompile>
    <ClCompile Include="src\physics\ConstForce.cpp">
      <Filter>Sources\physics\forces</Filter>
    </ClCompile>
    <ClCompile Include="src\physics\StaticAppPoint.cpp">
      <Filter>Sources\physics\applicationPoints</Filter>
    </ClCompile>
    <ClCompile Include="src\physics\Constraint.cpp">
      <Filter>Sources\physics\constraints</Filter>
    </ClCompile>
    <ClCompile Include="src\physics\Gravity.cpp">
      <Filter>Sources\physics\forces</Filter>
    </ClCompile>
    <ClCompile Include="src\physics\examples.cpp">
      <Filter>Sources\physics\examples</Filter>
    </ClCompile>
    <ClCompile Include="src\physics\Rope.cpp">
      <Filter>Sources\physics\systems</Filter>
    </ClCompile>
    <ClCompile Include="src\physics\Cloth.cpp">
      <Filter>Sources\physics\systems</Filter>
    </ClCompile>
    <ClCompile Include="src\physics\Wind.cpp">
      <Filter>Sources\physics\forces</Filter>
    </ClCompile>
    <ClCompile Include="src\physics\RigidBody.cpp">
      <Filter>Sources\physics\objects</Filter>
    </ClCompile>
    <ClCompile Include="src\physics\AppPointRigidBody.cpp">
      <Filter>Sources\physics\applicationPoints</Filter>
    </ClCompile>
    <ClCompile Include="src\physics\RigidBodySamples.cpp">
      <Filter>Sources\physics\objects</Filter>
    </ClCompile>
  </ItemGroup>
  <ItemGroup>
    <None Include="external\GLM\include\detail\func_common.inl">
      <Filter>External</Filter>
    </None>
    <None Include="external\GLM\include\detail\func_common_simd.inl">
      <Filter>External</Filter>
    </None>
    <None Include="external\GLM\include\detail\func_exponential.inl">
      <Filter>External</Filter>
    </None>
    <None Include="external\GLM\include\detail\func_exponential_simd.inl">
      <Filter>External</Filter>
    </None>
    <None Include="external\GLM\include\detail\func_geometric.inl">
      <Filter>External</Filter>
    </None>
    <None Include="external\GLM\include\detail\func_geometric_simd.inl">
      <Filter>External</Filter>
    </None>
    <None Include="external\GLM\include\detail\func_integer.inl">
      <Filter>External</Filter>
    </None>
    <None Include="external\GLM\include\detail\func_integer_simd.inl">
      <Filter>External</Filter>
    </None>
    <None Include="external\GLM\include\detail\func_matrix.inl">
      <Filter>External</Filter>
    </None>
    <None Include="external\GLM\include\detail\func_matrix_simd.inl">
      <Filter>External</Filter>
    </None>
    <None Include="external\GLM\include\detail\func_packing.inl">
      <Filter>External</Filter>
    </None>
    <None Include="external\GLM\include\detail\func_packing_simd.inl">
      <Filter>External</Filter>
    </None>
    <None Include="external\GLM\include\detail\func_trigonometric.inl">
      <Filter>External</Filter>
    </None>
    <None Include="external\GLM\include\detail\func_trigonometric_simd.inl">
      <Filter>External</Filter>
    </None>
    <None Include="external\GLM\include\detail\func_vector_relational.inl">
      <Filter>External</Filter>
    </None>
    <None Include="external\GLM\include\detail\func_vector_relational_simd.inl">
      <Filter>External</Filter>
    </None>
    <None Include="external\GLM\include\detail\type_half.inl">
      <Filter>External</Filter>
    </None>
    <None Include="external\GLM\include\detail\type_mat2x2.inl">
      <Filter>External</Filter>
    </None>
    <None Include="external\GLM\include\detail\type_mat2x3.inl">
      <Filter>External</Filter>
    </None>
    <None Include="external\GLM\include\detail\type_mat2x4.inl">
      <Filter>External</Filter>
    </None>
    <None Include="external\GLM\include\detail\type_mat3x2.inl">
      <Filter>External</Filter>
    </None>
    <None Include="external\GLM\include\detail\type_mat3x3.inl">
      <Filter>External</Filter>
    </None>
    <None Include="external\GLM\include\detail\type_mat3x4.inl">
      <Filter>External</Filter>
    </None>
    <None Include="external\GLM\include\detail\type_mat4x2.inl">
      <Filter>External</Filter>
    </None>
    <None Include="external\GLM\include\detail\type_mat4x3.inl">
      <Filter>External</Filter>
    </None>
    <None Include="external\GLM\include\detail\type_mat4x4.inl">
      <Filter>External</Filter>
    </None>
    <None Include="external\GLM\include\detail\type_mat4x4_simd.inl">
      <Filter>External</Filter>
    </None>
    <None Include="external\GLM\include\detail\type_quat.inl">
      <Filter>External</Filter>
    </None>
    <None Include="external\GLM\include\detail\type_quat_simd.inl">
      <Filter>External</Filter>
    </None>
    <None Include="external\GLM\include\detail\type_vec1.inl">
      <Filter>External</Filter>
    </None>
    <None Include="external\GLM\include\detail\type_vec2.inl">
      <Filter>External</Filter>
    </None>
    <None Include="external\GLM\include\detail\type_vec3.inl">
      <Filter>External</Filter>
    </None>
    <None Include="external\GLM\include\detail\type_vec4.inl">
      <Filter>External</Filter>
    </None>
    <None Include="external\GLM\include\detail\type_vec4_simd.inl">
      <Filter>External</Filter>
    </None>
    <None Include="external\GLM\include\ext\matrix_clip_space.inl">
      <Filter>External</Filter>
    </None>
    <None Include="external\GLM\include\ext\matrix_common.inl">
      <Filter>External</Filter>
    </None>
    <None Include="external\GLM\include\ext\matrix_projection.inl">
      <Filter>External</Filter>
    </None>
    <None Include="external\GLM\include\ext\matrix_relational.inl">
      <Filter>External</Filter>
    </None>
    <None Include="external\GLM\include\ext\matrix_transform.inl">
      <Filter>External</Filter>
    </None>
    <None Include="external\GLM\include\ext\quaternion_common.inl">
      <Filter>External</Filter>
    </None>
    <None Include="external\GLM\include\ext\quaternion_common_simd.inl">
      <Filter>External</Filter>
    </None>
    <None Include="external\GLM\include\ext\quaternion_exponential.inl">
      <Filter>External</Filter>
    </None>
    <None Include="external\GLM\include\ext\quaternion_geometric.inl">
      <Filter>External</Filter>
    </None>
    <None Include="external\GLM\include\ext\quaternion_relational.inl">
      <Filter>External</Filter>
    </None>
    <None Include="external\GLM\include\ext\quaternion_transform.inl">
      <Filter>External</Filter>
    </None>
    <None Include="external\GLM\include\ext\quaternion_trigonometric.inl">
      <Filter>External</Filter>
    </None>
    <None Include="external\GLM\include\ext\scalar_common.inl">
      <Filter>External</Filter>
    </None>
    <None Include="external\GLM\include\ext\scalar_constants.inl">
      <Filter>External</Filter>
    </None>
    <None Include="external\GLM\include\ext\scalar_integer.inl">
      <Filter>External</Filter>
    </None>
    <None Include="external\GLM\include\ext\scalar_relational.inl">
      <Filter>External</Filter>
    </None>
    <None Include="external\GLM\include\ext\scalar_ulp.inl">
      <Filter>External</Filter>
    </None>
    <None Include="external\GLM\include\ext\vector_common.inl">
      <Filter>External</Filter>
    </None>
    <None Include="external\GLM\include\ext\vector_integer.inl">
      <Filter>External</Filter>
    </None>
    <None Include="external\GLM\include\ext\vector_relational.inl">
      <Filter>External</Filter>
    </None>
    <None Include="external\GLM\include\ext\vector_ulp.inl">
      <Filter>External</Filter>
    </None>
    <None Include="external\GLM\include\gtc\bitfield.inl">
      <Filter>External</Filter>
    </None>
    <None Include="external\GLM\include\gtc\color_space.inl">
      <Filter>External</Filter>
    </None>
    <None Include="external\GLM\include\gtc\constants.inl">
      <Filter>External</Filter>
    </None>
    <None Include="external\GLM\include\gtc\epsilon.inl">
      <Filter>External</Filter>
    </None>
    <None Include="external\GLM\include\gtc\integer.inl">
      <Filter>External</Filter>
    </None>
    <None Include="external\GLM\include\gtc\matrix_access.inl">
      <Filter>External</Filter>
    </None>
    <None Include="external\GLM\include\gtc\matrix_inverse.inl">
      <Filter>External</Filter>
    </None>
    <None Include="external\GLM\include\gtc\matrix_transform.inl">
      <Filter>External</Filter>
    </None>
    <None Include="external\GLM\include\gtc\noise.inl">
      <Filter>External</Filter>
    </None>
    <None Include="external\GLM\include\gtc\packing.inl">
      <Filter>External</Filter>
    </None>
    <None Include="external\GLM\include\gtc\quaternion.inl">
      <Filter>External</Filter>
    </None>
    <None Include="external\GLM\include\gtc\quaternion_simd.inl">
      <Filter>External</Filter>
    </None>
    <None Include="external\GLM\include\gtc\random.inl">
      <Filter>External</Filter>
    </None>
    <None Include="external\GLM\include\gtc\reciprocal.inl">
      <Filter>External</Filter>
    </None>
    <None Include="external\GLM\include\gtc\round.inl">
      <Filter>External</Filter>
    </None>
    <None Include="external\GLM\include\gtc\type_precision.inl">
      <Filter>External</Filter>
    </None>
    <None Include="external\GLM\include\gtc\type_ptr.inl">
      <Filter>External</Filter>
    </None>
    <None Include="external\GLM\include\gtc\ulp.inl">
      <Filter>External</Filter>
    </None>
    <None Include="external\GLM\include\gtx\associated_min_max.inl">
      <Filter>External</Filter>
    </None>
    <None Include="external\GLM\include\gtx\bit.inl">
      <Filter>External</Filter>
    </None>
    <None Include="external\GLM\include\gtx\closest_point.inl">
      <Filter>External</Filter>
    </None>
    <None Include="external\GLM\include\gtx\color_encoding.inl">
      <Filter>External</Filter>
    </None>
    <None Include="external\GLM\include\gtx\color_space.inl">
      <Filter>External</Filter>
    </None>
    <None Include="external\GLM\include\gtx\color_space_YCoCg.inl">
      <Filter>External</Filter>
    </None>
    <None Include="external\GLM\include\gtx\common.inl">
      <Filter>External</Filter>
    </None>
    <None Include="external\GLM\include\gtx\compatibility.inl">
      <Filter>External</Filter>
    </None>
    <None Include="external\GLM\include\gtx\component_wise.inl">
      <Filter>External</Filter>
    </None>
    <None Include="external\GLM\include\gtx\dual_quaternion.inl">
      <Filter>External</Filter>
    </None>
    <None Include="external\GLM\include\gtx\easing.inl">
      <Filter>External</Filter>
    </None>
    <None Include="external\GLM\include\gtx\euler_angles.inl">
      <Filter>External</Filter>
    </None>
    <None Include="external\GLM\include\gtx\extend.inl">
      <Filter>External</Filter>
    </None>
    <None Include="external\GLM\include\gtx\extended_min_max.inl">
      <Filter>External</Filter>
    </None>
    <None Include="external\GLM\include\gtx\exterior_product.inl">
      <Filter>External</Filter>
    </None>
    <None Include="external\GLM\include\gtx\fast_exponential.inl">
      <Filter>External</Filter>
    </None>
    <None Include="external\GLM\include\gtx\fast_square_root.inl">
      <Filter>External</Filter>
    </None>
    <None Include="external\GLM\include\gtx\fast_trigonometry.inl">
      <Filter>External</Filter>
    </None>
    <None Include="external\GLM\include\gtx\float_notmalize.inl">
      <Filter>External</Filter>
    </None>
    <None Include="external\GLM\include\gtx\functions.inl">
      <Filter>External</Filter>
    </None>
    <None Include="external\GLM\include\gtx\gradient_paint.inl">
      <Filter>External</Filter>
    </None>
    <None Include="external\GLM\include\gtx\handed_coordinate_space.inl">
      <Filter>External</Filter>
    </None>
    <None Include="external\GLM\include\gtx\hash.inl">
      <Filter>External</Filter>
    </None>
    <None Include="external\GLM\include\gtx\integer.inl">
      <Filter>External</Filter>
    </None>
    <None Include="external\GLM\include\gtx\intersect.inl">
      <Filter>External</Filter>
    </None>
    <None Include="external\GLM\include\gtx\io.inl">
      <Filter>External</Filter>
    </None>
    <None Include="external\GLM\include\gtx\log_base.inl">
      <Filter>External</Filter>
    </None>
    <None Include="external\GLM\include\gtx\matrix_cross_product.inl">
      <Filter>External</Filter>
    </None>
    <None Include="external\GLM\include\gtx\matrix_decompose.inl">
      <Filter>External</Filter>
    </None>
    <None Include="external\GLM\include\gtx\matrix_factorisation.inl">
      <Filter>External</Filter>
    </None>
    <None Include="external\GLM\include\gtx\matrix_interpolation.inl">
      <Filter>External</Filter>
    </None>
    <None Include="external\GLM\include\gtx\matrix_major_storage.inl">
      <Filter>External</Filter>
    </None>
    <None Include="external\GLM\include\gtx\matrix_operation.inl">
      <Filter>External</Filter>
    </None>
    <None Include="external\GLM\include\gtx\matrix_query.inl">
      <Filter>External</Filter>
    </None>
    <None Include="external\GLM\include\gtx\matrix_transform_2d.inl">
      <Filter>External</Filter>
    </None>
    <None Include="external\GLM\include\gtx\mixed_product.inl">
      <Filter>External</Filter>
    </None>
    <None Include="external\GLM\include\gtx\norm.inl">
      <Filter>External</Filter>
    </None>
    <None Include="external\GLM\include\gtx\normal.inl">
      <Filter>External</Filter>
    </None>
    <None Include="external\GLM\include\gtx\normalize_dot.inl">
      <Filter>External</Filter>
    </None>
    <None Include="external\GLM\include\gtx\number_precision.inl">
      <Filter>External</Filter>
    </None>
    <None Include="external\GLM\include\gtx\optimum_pow.inl">
      <Filter>External</Filter>
    </None>
    <None Include="external\GLM\include\gtx\orthonormalize.inl">
      <Filter>External</Filter>
    </None>
    <None Include="external\GLM\include\gtx\perpendicular.inl">
      <Filter>External</Filter>
    </None>
    <None Include="external\GLM\include\gtx\polar_coordinates.inl">
      <Filter>External</Filter>
    </None>
    <None Include="external\GLM\include\gtx\projection.inl">
      <Filter>External</Filter>
    </None>
    <None Include="external\GLM\include\gtx\quaternion.inl">
      <Filter>External</Filter>
    </None>
    <None Include="external\GLM\include\gtx\raw_data.inl">
      <Filter>External</Filter>
    </None>
    <None Include="external\GLM\include\gtx\rotate_normalized_axis.inl">
      <Filter>External</Filter>
    </None>
    <None Include="external\GLM\include\gtx\rotate_vector.inl">
      <Filter>External</Filter>
    </None>
    <None Include="external\GLM\include\gtx\scalar_relational.inl">
      <Filter>External</Filter>
    </None>
    <None Include="external\GLM\include\gtx\spline.inl">
      <Filter>External</Filter>
    </None>
    <None Include="external\GLM\include\gtx\std_based_type.inl">
      <Filter>External</Filter>
    </None>
    <None Include="external\GLM\include\gtx\string_cast.inl">
      <Filter>External</Filter>
    </None>
    <None Include="external\GLM\include\gtx\texture.inl">
      <Filter>External</Filter>
    </None>
    <None Include="external\GLM\include\gtx\transform.inl">
      <Filter>External</Filter>
    </None>
    <None Include="external\GLM\include\gtx\transform2.inl">
      <Filter>External</Filter>
    </None>
    <None Include="external\GLM\include\gtx\type_aligned.inl">
      <Filter>External</Filter>
    </None>
    <None Include="external\GLM\include\gtx\type_trait.inl">
      <Filter>External</Filter>
    </None>
    <None Include="external\GLM\include\gtx\vector_angle.inl">
      <Filter>External</Filter>
    </None>
    <None Include="external\GLM\include\gtx\vector_query.inl">
      <Filter>External</Filter>
    </None>
    <None Include="external\GLM\include\gtx\wrap.inl">
      <Filter>External</Filter>
    </None>
  </ItemGroup>
</Project>